<?xml version="1.0" encoding="UTF-8" standalone="yes" ?>
<CodeBlocks_project_file>
	<FileVersion major="1" minor="6" />
	<Project>
		<Option title="sttyciarrunner" />
		<Option makefile_is_custom="1" />
		<Option pch_mode="2" />
		<Option compiler="gcc" />
		<Build>
			<Target title="debug">
				<Option output="../bin/Debug/libsttyciarrunner" prefix_auto="1" extension_auto="1" />
				<Option object_output="obj/Debug/" />
				<Option type="3" />
				<Option compiler="gcc" />
				<Compiler>
					<Add option="-g" />
				</Compiler>
			</Target>
			<Target title="release">
				<Option output="../bin/Release/libsttyciarrunner" prefix_auto="1" extension_auto="1" />
				<Option object_output="obj/Release/" />
				<Option type="3" />
				<Option compiler="gcc" />
				<Compiler>
					<Add option="-O2" />
				</Compiler>
				<Linker>
					<Add option="-s" />
				</Linker>
			</Target>
		</Build>
		<Compiler>
			<Add option="-Wall" />
			<Add option="-fexceptions" />
		</Compiler>
		<Unit filename="../include/abstractionlayer.hh" />
		<Unit filename="../include/address.hh" />
		<Unit filename="../include/alnetworklistener.hh" />
		<Unit filename="../include/alstatisticslistener.hh" />
		<Unit filename="../include/datalinklayerpacket.hh" />
		<Unit filename="../include/device.hh" />
		<Unit filename="../include/deviceaddress.hh" />
		<Unit filename="../include/ethernetiiframe.hh" />
		<Unit filename="../include/exceptions.hh" />
		<Unit filename="../include/interfaceroute.hh" />
		<Unit filename="../include/ipv4datagram.hh" />
		<Unit filename="../include/networklayerpacket.hh" />
		<Unit filename="../include/networklogiclayer.hh" />
		<Unit filename="../include/nllhub.hh" />
		<Unit filename="../include/packet.hh" />
		<Unit filename="../include/packetaccess.hh" />
		<Unit filename="../include/pcapthread.hh" />
		<Unit filename="../include/rawpacket.hh" />
		<Unit filename="../include/sllistener.hh" />
		<Unit filename="../include/statisticslayer.hh" />
		<Unit filename="../include/sttyciarrunner.hh" />
		<Unit filename="../include/uilistener.hh" />
		<Unit filename="src/sttyciarrunner.cpp" />
		<Unit filename="sttyciarrunner.pro" />
		<Extensions>
			<code_completion />
			<debugger />
		</Extensions>
	</Project>
</CodeBlocks_project_file>
